Microsoft Visual Studio Solution File, Format Version 12.00
# Visual Studio Version 17
VisualStudioVersion = 17.5.2.0
MinimumVisualStudioVersion = 10.0.40219.1
Project("{FAE04EC0-301F-11D3-BF4B-00C04F79EFBC}") = "Streams_FileStream_StreamReader_StreamWriter", "Streams_FileStream_StreamReader_StreamWriter.csproj", "{F380AEE7-74F6-ABD7-0FF8-0560B889E915}"
EndProject
Global
	GlobalSection(SolutionConfigurationPlatforms) = preSolution
		Debug|Any CPU = Debug|Any CPU
		Release|Any CPU = Release|Any CPU
	EndGlobalSection
	GlobalSection(ProjectConfigurationPlatforms) = postSolution
		{F380AEE7-74F6-ABD7-0FF8-0560B889E915}.Debug|Any CPU.ActiveCfg = Debug|Any CPU
		{F380AEE7-74F6-ABD7-0FF8-0560B889E915}.Debug|Any CPU.Build.0 = Debug|Any CPU
		{F380AEE7-74F6-ABD7-0FF8-0560B889E915}.Release|Any CPU.ActiveCfg = Release|Any CPU
		{F380AEE7-74F6-ABD7-0FF8-0560B889E915}.Release|Any CPU.Build.0 = Release|Any CPU
	EndGlobalSection
	GlobalSection(SolutionProperties) = preSolution
		HideSolutionNode = FALSE
	EndGlobalSection
	GlobalSection(ExtensibilityGlobals) = postSolution
		SolutionGuid = {A49D672C-947A-4F6A-A1D6-9B0B223395CD}
	EndGlobalSection
EndGlobal
